
Microsoft Visual Studio Solution File, Format Version 12.00
# Visual Studio Version 17
VisualStudioVersion = 17.0.31903.59
MinimumVisualStudioVersion = 10.0.40219.1
Project("{FAE04EC0-301F-11D3-BF4B-00C04F79EFBC}") = "Aplicacion", "Aplicacion\Aplicacion.csproj", "{5865073F-E06D-4C91-95AC-00ACB16217CD}"
EndProject
Project("{FAE04EC0-301F-11D3-BF4B-00C04F79EFBC}") = "Consola", "Consola\Consola.csproj", "{BEB8D41E-83C6-43D7-B0F9-C465C67B45A8}"
EndProject
Project("{FAE04EC0-301F-11D3-BF4B-00C04F79EFBC}") = "Repositorios", "Repositorios\Repositorios.csproj", "{6C9F828E-E467-4466-82E3-F1017086E097}"
EndProject
Global
	GlobalSection(SolutionConfigurationPlatforms) = preSolution
		Debug|Any CPU = Debug|Any CPU
		Release|Any CPU = Release|Any CPU
	EndGlobalSection
	GlobalSection(SolutionProperties) = preSolution
		HideSolutionNode = FALSE
	EndGlobalSection
	GlobalSection(ProjectConfigurationPlatforms) = postSolution
		{5865073F-E06D-4C91-95AC-00ACB16217CD}.Debug|Any CPU.ActiveCfg = Debug|Any CPU
		{5865073F-E06D-4C91-95AC-00ACB16217CD}.Debug|Any CPU.Build.0 = Debug|Any CPU
		{5865073F-E06D-4C91-95AC-00ACB16217CD}.Release|Any CPU.ActiveCfg = Release|Any CPU
		{5865073F-E06D-4C91-95AC-00ACB16217CD}.Release|Any CPU.Build.0 = Release|Any CPU
		{BEB8D41E-83C6-43D7-B0F9-C465C67B45A8}.Debug|Any CPU.ActiveCfg = Debug|Any CPU
		{BEB8D41E-83C6-43D7-B0F9-C465C67B45A8}.Debug|Any CPU.Build.0 = Debug|Any CPU
		{BEB8D41E-83C6-43D7-B0F9-C465C67B45A8}.Release|Any CPU.ActiveCfg = Release|Any CPU
		{BEB8D41E-83C6-43D7-B0F9-C465C67B45A8}.Release|Any CPU.Build.0 = Release|Any CPU
		{6C9F828E-E467-4466-82E3-F1017086E097}.Debug|Any CPU.ActiveCfg = Debug|Any CPU
		{6C9F828E-E467-4466-82E3-F1017086E097}.Debug|Any CPU.Build.0 = Debug|Any CPU
		{6C9F828E-E467-4466-82E3-F1017086E097}.Release|Any CPU.ActiveCfg = Release|Any CPU
		{6C9F828E-E467-4466-82E3-F1017086E097}.Release|Any CPU.Build.0 = Release|Any CPU
	EndGlobalSection
EndGlobal
